<?xml version="1.0" encoding="utf-8"?>
<Project ToolsVersion="4.0" xmlns="http://schemas.microsoft.com/developer/msbuild/2003">
  <ItemGroup>
    <Filter Include="Source Files">
      <UniqueIdentifier>{4FC737F1-C7A5-4376-A066-2A32D752A2FF}</UniqueIdentifier>
      <Extensions>cpp;c;cc;cxx;c++;cppm;ixx;def;odl;idl;hpj;bat;asm;asmx</Extensions>
    </Filter>
    <Filter Include="Header Files">
      <UniqueIdentifier>{93995380-89BD-4b04-88EB-625FBE52EBFB}</UniqueIdentifier>
      <Extensions>h;hh;hpp;hxx;h++;hm;inl;inc;ipp;xsd</Extensions>
    </Filter>
    <Filter Include="Resource Files">
      <UniqueIdentifier>{67DA6AB6-F800-4c08-8B7A-83BB121AAD01}</UniqueIdentifier>
      <Extensions>rc;ico;cur;bmp;dlg;rc2;rct;bin;rgs;gif;jpg;jpeg;jpe;resx;tiff;tif;png;wav;mfcribbon-ms</Extensions>
    </Filter>
    <Filter Include="Header Files\DS">
      <UniqueIdentifier>{115d21b2-6b8d-4602-89af-32eaaa2bfe13}</UniqueIdentifier>
    </Filter>
    <Filter Include="Header Files\Waiting Lists">
      <UniqueIdentifier>{ca11d35a-e0b7-4023-a904-ac0b7f6c6842}</UniqueIdentifier>
    </Filter>
  </ItemGroup>
  <ItemGroup>
    <ClInclude Include="Treatment.h">
      <Filter>Header Files</Filter>
    </ClInclude>
    <ClInclude Include="Patient.h">
      <Filter>Header Files</Filter>
    </ClInclude>
    <ClInclude Include="resources.h">
      <Filter>Header Files</Filter>
    </ClInclude>
    <ClInclude Include="Scheduler.h">
      <Filter>Header Files</Filter>
    </ClInclude>
    <ClInclude Include="ArrayStack.h">
      <Filter>Header Files\DS</Filter>
    </ClInclude>
    <ClInclude Include="LinkedList.h">
      <Filter>Header Files\DS</Filter>
    </ClInclude>
    <ClInclude Include="LinkedQueue.h">
      <Filter>Header Files\DS</Filter>
    </ClInclude>
    <ClInclude Include="Node.h">
      <Filter>Header Files\DS</Filter>
    </ClInclude>
    <ClInclude Include="priNode.h">
      <Filter>Header Files\DS</Filter>
    </ClInclude>
    <ClInclude Include="priQueue.h">
      <Filter>Header Files\DS</Filter>
    </ClInclude>
    <ClInclude Include="QueueADT.h">
      <Filter>Header Files\DS</Filter>
    </ClInclude>
    <ClInclude Include="StackADT.h">
      <Filter>Header Files\DS</Filter>
    </ClInclude>
    <ClInclude Include="EarlyPList.h">
      <Filter>Header Files\Waiting Lists</Filter>
    </ClInclude>
    <ClInclude Include="EU_WaitList.h">
      <Filter>Header Files\Waiting Lists</Filter>
    </ClInclude>
    <ClInclude Include="X_WaitList.h">
      <Filter>Header Files\Waiting Lists</Filter>
    </ClInclude>
  </ItemGroup>
  <ItemGroup>
    <ClCompile Include="Treatment.cpp">
      <Filter>Source Files</Filter>
    </ClCompile>
    <ClCompile Include="Scheduler.cpp">
      <Filter>Source Files</Filter>
    </ClCompile>
    <ClCompile Include="resources.cpp">
      <Filter>Source Files</Filter>
    </ClCompile>
    <ClCompile Include="EarlyPList.cpp">
      <Filter>Source Files</Filter>
    </ClCompile>
    <ClCompile Include="EU_WaitList.cpp">
      <Filter>Source Files</Filter>
    </ClCompile>
    <ClCompile Include="X_WaitList.cpp">
      <Filter>Source Files</Filter>
    </ClCompile>
  </ItemGroup>
</Project>