<?xml version="1.0" encoding="utf-8"?>
<Project ToolsVersion="4.0" xmlns="http://schemas.microsoft.com/developer/msbuild/2003">
  <ItemGroup>
    <ClCompile Include="EarlyPList.cpp" />
    <ClCompile Include="maincpp.cpp" />
    <ClCompile Include="EU_WaitList.cpp" />
    <ClCompile Include="resources.cpp" />
    <ClCompile Include="Scheduler.cpp" />
    <ClCompile Include="Treatment.cpp" />
    <ClCompile Include="U_therapy.cpp" />
    <ClCompile Include="X_therapy.cpp" />
    <ClCompile Include="X_WaitList.cpp" />
    <ClCompile Include="UI.cpp" />
    <ClCompile Include="Patient.cpp" />
    <ClCompile Include="E_therapy.cpp">
      <Filter>New DS</Filter>
    </ClCompile>
  </ItemGroup>
  <ItemGroup>
    <ClInclude Include="ArrayStack.h">
      <Filter>Lab DS</Filter>
    </ClInclude>
    <ClInclude Include="LinkedList.h">
      <Filter>Lab DS</Filter>
    </ClInclude>
    <ClInclude Include="LinkedQueue.h">
      <Filter>Lab DS</Filter>
    </ClInclude>
    <ClInclude Include="StackADT.h">
      <Filter>Lab DS</Filter>
    </ClInclude>
    <ClInclude Include="priNode.h">
      <Filter>Lab DS</Filter>
    </ClInclude>
    <ClInclude Include="Node.h">
      <Filter>Lab DS</Filter>
    </ClInclude>
    <ClInclude Include="priQueue.h">
      <Filter>Lab DS</Filter>
    </ClInclude>
    <ClInclude Include="QueueADT.h">
      <Filter>Lab DS</Filter>
    </ClInclude>
    <ClInclude Include="Patient.h">
      <Filter>Main CLasses</Filter>
    </ClInclude>
    <ClInclude Include="resources.h">
      <Filter>Main CLasses</Filter>
    </ClInclude>
    <ClInclude Include="Scheduler.h">
      <Filter>Main CLasses</Filter>
    </ClInclude>
    <ClInclude Include="U_therapy.h">
      <Filter>Main CLasses\Treatments</Filter>
    </ClInclude>
    <ClInclude Include="X_therapy.h">
      <Filter>Main CLasses\Treatments</Filter>
    </ClInclude>
    <ClInclude Include="E_therapy.h">
      <Filter>Main CLasses\Treatments</Filter>
    </ClInclude>
    <ClInclude Include="Treatment.h">
      <Filter>Main CLasses\Treatments</Filter>
    </ClInclude>
    <ClInclude Include="EarlyPList.h">
      <Filter>New DS</Filter>
    </ClInclude>
    <ClInclude Include="EU_WaitList.h">
      <Filter>New DS</Filter>
    </ClInclude>
    <ClInclude Include="X_WaitList.h">
      <Filter>New DS</Filter>
    </ClInclude>
    <ClInclude Include="UI.h" />
  </ItemGroup>
  <ItemGroup>
    <Filter Include="Lab DS">
      <UniqueIdentifier>{cf907236-90a9-4f6f-84b4-19ddfa4525e2}</UniqueIdentifier>
    </Filter>
    <Filter Include="Main CLasses">
      <UniqueIdentifier>{ff8201e5-93de-403b-a687-e5055a7f3da8}</UniqueIdentifier>
    </Filter>
    <Filter Include="Main CLasses\Treatments">
      <UniqueIdentifier>{1c32c5bc-ce60-4029-a40e-f6650661d4b9}</UniqueIdentifier>
    </Filter>
    <Filter Include="New DS">
      <UniqueIdentifier>{9c1fe56f-1f81-4633-aa57-1ac65a077f36}</UniqueIdentifier>
    </Filter>
  </ItemGroup>
</Project>